PODS:
  - Alamofire (5.0.0.beta.1)
  - Branch (0.25.0):
    - Branch/Core (= 0.25.0)
  - Branch/Core (0.25.0)
  - BrightFutures (6.0.1):
    - Result (~> 3.2.4)
  - CocoaLumberjack/Default (3.3.0)
  - CocoaLumberjack/Swift (3.3.0):
    - CocoaLumberjack/Default
  - Crashlytics (3.10.5):
    - Fabric (~> 1.7.9)
  - DateToolsSwift (4.0.0)
  - Fabric (1.7.9)
  - Firebase/Core (4.7.0):
    - FirebaseAnalytics (= 4.0.5)
    - FirebaseCore (= 4.0.12)
  - Firebase/Messaging (4.7.0):
    - Firebase/Core
    - FirebaseMessaging (= 2.0.7)
  - Firebase/RemoteConfig (4.7.0):
    - Firebase/Core
    - FirebaseRemoteConfig (= 2.1.0)
  - FirebaseABTesting (1.0.0):
    - FirebaseCore (~> 4.0)
    - Protobuf (~> 3.1)
  - FirebaseAnalytics (4.0.5):
    - FirebaseCore (~> 4.0)
    - FirebaseInstanceID (~> 2.0)
    - "GoogleToolboxForMac/NSData+zlib (~> 2.1)"
    - nanopb (~> 0.3)
  - FirebaseCore (4.0.12):
    - "GoogleToolboxForMac/NSData+zlib (~> 2.1)"
  - FirebaseInstanceID (2.0.10):
    - FirebaseCore (~> 4.0)
  - FirebaseMessaging (2.0.7):
    - FirebaseAnalytics (~> 4.0)
    - FirebaseCore (~> 4.0)
    - FirebaseInstanceID (~> 2.0)
    - GoogleToolboxForMac/Logger (~> 2.1)
    - Protobuf (~> 3.1)
  - FirebaseRemoteConfig (2.1.0):
    - FirebaseABTesting (~> 1.0)
    - FirebaseAnalytics (~> 4.0)
    - FirebaseInstanceID (~> 2.0)
    - "GoogleToolboxForMac/NSData+zlib (~> 2.1)"
    - Protobuf (~> 3.1)
  - GoogleMaps (2.5.0):
    - GoogleMaps/Maps (= 2.5.0)
  - GoogleMaps/Base (2.5.0)
  - GoogleMaps/Maps (2.5.0):
    - GoogleMaps/Base
  - GooglePlaces (2.5.0):
    - GoogleMaps/Base (= 2.5.0)
  - GoogleToolboxForMac/Defines (2.1.4)
  - GoogleToolboxForMac/Logger (2.1.4):
    - GoogleToolboxForMac/Defines (= 2.1.4)
  - "GoogleToolboxForMac/NSData+zlib (2.1.4)":
    - GoogleToolboxForMac/Defines (= 2.1.4)
  - KeychainAccess (3.1.0)
  - Kingfisher (4.2.0)
  - MBProgressHUD (1.1.0)
  - nanopb (0.3.8):
    - nanopb/decode (= 0.3.8)
    - nanopb/encode (= 0.3.8)
  - nanopb/decode (0.3.8)
  - nanopb/encode (0.3.8)
  - PhoneNumberKit (2.1.0):
    - PhoneNumberKit/PhoneNumberKitCore (= 2.1.0)
    - PhoneNumberKit/UIKit (= 2.1.0)
  - PhoneNumberKit/PhoneNumberKitCore (2.1.0)
  - PhoneNumberKit/UIKit (2.1.0):
    - PhoneNumberKit/PhoneNumberKitCore
  - Protobuf (3.6.1)
  - Realm (3.7.6):
    - Realm/Headers (= 3.7.6)
  - Realm/Headers (3.7.6)
  - RealmSwift (3.7.6):
    - Realm (= 3.7.6)
  - Result (3.2.4)
  - SDWebImage (4.0.0):
    - SDWebImage/Core (= 4.0.0)
  - SDWebImage/Core (4.0.0)
  - SlideMenuControllerSwift (4.0.0)
  - SnapKit (4.0.0)
  - SwiftEventBus (2.1.2)
  - SwiftyJSON (4.1.0)
  - UIColor_Hex_Swift (3.0.2)

DEPENDENCIES:
  - Alamofire (from `https://github.com/Alamofire/Alamofire.git`, branch `alamofire5`)
  - Branch (= 0.25.0)
  - BrightFutures (= 6.0.1)
  - CocoaLumberjack/Swift (= 3.3.0)
  - Crashlytics (= 3.10.5)
  - DateToolsSwift (= 4.0.0)
  - Fabric (= 1.7.9)
  - Firebase/Core (= 4.7.0)
  - Firebase/Messaging (= 4.7.0)
  - Firebase/RemoteConfig (= 4.7.0)
  - GoogleMaps (= 2.5.0)
  - GooglePlaces (= 2.5.0)
  - KeychainAccess (= 3.1.0)
  - Kingfisher (= 4.2.0)
  - MBProgressHUD (= 1.1.0)
  - PhoneNumberKit (from `https://github.com/marmelroy/PhoneNumberKit.git`, commit `e281ef6`)
  - RealmSwift (= 3.7.6)
  - SDWebImage (= 4.0.0)
  - SlideMenuControllerSwift (= 4.0.0)
  - SnapKit (= 4.0.0)
  - SwiftEventBus (= 2.1.2)
  - SwiftyJSON (= 4.1.0)
  - UIColor_Hex_Swift (= 3.0.2)

SPEC REPOS:
  https://github.com/cocoapods/specs.git:
    - Branch
    - BrightFutures
    - CocoaLumberjack
    - Crashlytics
    - DateToolsSwift
    - Fabric
    - Firebase
    - FirebaseABTesting
    - FirebaseAnalytics
    - FirebaseCore
    - FirebaseInstanceID
    - FirebaseMessaging
    - FirebaseRemoteConfig
    - GoogleMaps
    - GooglePlaces
    - GoogleToolboxForMac
    - KeychainAccess
    - Kingfisher
    - MBProgressHUD
    - nanopb
    - Protobuf
    - Realm
    - RealmSwift
    - Result
    - SDWebImage
    - SlideMenuControllerSwift
    - SnapKit
    - SwiftEventBus
    - SwiftyJSON
    - UIColor_Hex_Swift

EXTERNAL SOURCES:
  Alamofire:
    :branch: alamofire5
    :git: https://github.com/Alamofire/Alamofire.git
  PhoneNumberKit:
    :commit: e281ef6
    :git: https://github.com/marmelroy/PhoneNumberKit.git

CHECKOUT OPTIONS:
  Alamofire:
    :commit: a8a2827f5c14c9168a0373e948e963d36edfdbc5
    :git: https://github.com/Alamofire/Alamofire.git
  PhoneNumberKit:
    :commit: e281ef6
    :git: https://github.com/marmelroy/PhoneNumberKit.git

SPEC CHECKSUMS:
  Alamofire: eafeeb206da2148045e57a5dc3c6a4acc65b9eb2
  Branch: 127d29ab0a8866025eece1cf9e950ddb6f7d4070
  BrightFutures: 9c03dab79e73ffe504b7bafc15c5bfdaeee54890
  CocoaLumberjack: 3c8c74683302f9012bb168e1c4b7ae3c0b558431
  Crashlytics: 7f2e38d302d9da96475b3d64d86fb29e31a542b7
  DateToolsSwift: 875d97ff9e3a5d54abdd67a269b3f51c757b71ab
  Fabric: a2917d3895e4c1569b9c3170de7320ea1b1e6661
  Firebase: dbfb98ccec2dcfcd21ab9cc1b4981a3f3c8c5e26
  FirebaseABTesting: d07d0ee833b842d5153549e4c7e2e2cb1c23a3f9
  FirebaseAnalytics: 5b02a63ead2c3f0259cfc7f15e053e440587ecf8
  FirebaseCore: 6cf108b63997bc08c04a1ffa55a3ac0d71a59ffc
  FirebaseInstanceID: 8d20d890d65c917f9f7d9950b6e10a760ad34321
  FirebaseMessaging: 1a11d1c0a9ed9b3f75a0685bb0ae5932e1062f5f
  FirebaseRemoteConfig: 451fe8e9c43ac1e7a137ad2a42189bfc8c2c3ebc
  GoogleMaps: c087b8e5dfe87ca6ebf59adb9b4894a4146bec4f
  GooglePlaces: dd70d9d71ea1c7944846afe67de3712c99b30a77
  GoogleToolboxForMac: 91c824d21e85b31c2aae9bb011c5027c9b4e738f
  KeychainAccess: 94c5540b32eabf7bc32bfb976a268e8ea05fd6da
  Kingfisher: 9ee7e788d8ba07c3f21ce0d43f33cec310a4f781
  MBProgressHUD: e7baa36a220447d8aeb12769bf0585582f3866d9
  nanopb: 5601e6bca2dbf1ed831b519092ec110f66982ca3
  PhoneNumberKit: c6c2e7ee33c92a3ed465721929628f504ddfd9b3
  Protobuf: 1eb9700044745f00181c136ef21b8ff3ad5a0fd5
  Realm: 9eaecad54712d6246d08ba34c10f354e4715d7d3
  RealmSwift: 1fe08b4ebaeeaacf17f9ba0343f7b25c9fc31fa6
  Result: d2d07204ce72856f1fd9130bbe42c35a7b0fea10
  SDWebImage: 76a6348bdc74eb5a55dd08a091ef298e56b55e41
  SlideMenuControllerSwift: 021d6318201c53d4d4d3710517d43d6c556c7dd0
  SnapKit: a42d492c16e80209130a3379f73596c3454b7694
  SwiftEventBus: 9e8f6d8cff2826d66536ec367d17a47299478aa0
  SwiftyJSON: c29297daf073d2aa016295d5809cdd68045c39b3
  UIColor_Hex_Swift: 95f718452092a3efc8a827dffd2c04d3237be02d

PODFILE CHECKSUM: 6c3ddc875a2101d188c2b202e8798c2186065fff

COCOAPODS: 1.5.3
