PODS:
  - Alamofire (4.5.1)
  - AlamofireObjectMapper (5.0.0):
    - Alamofire (~> 4.1)
    - ObjectMapper (~> 3.0)
  - BrightFutures (6.0.0):
    - Result (~> 3.2.4)
  - CocoaLumberjack/Default (3.3.0)
  - CocoaLumberjack/Swift (3.3.0):
    - CocoaLumberjack/Default
  - DateToolsSwift (2.0.3)
  - Firebase/Core (4.4.0):
    - FirebaseAnalytics (= 4.0.4)
    - FirebaseCore (= 4.0.9)
  - Firebase/Messaging (4.4.0):
    - Firebase/Core
    - FirebaseMessaging (= 2.0.5)
  - Firebase/RemoteConfig (4.4.0):
    - Firebase/Core
    - FirebaseRemoteConfig (= 2.0.3)
  - FirebaseAnalytics (4.0.4):
    - FirebaseCore (~> 4.0)
    - FirebaseInstanceID (~> 2.0)
    - GoogleToolboxForMac/NSData+zlib (~> 2.1)
    - nanopb (~> 0.3)
  - FirebaseCore (4.0.9):
    - GoogleToolboxForMac/NSData+zlib (~> 2.1)
    - nanopb (~> 0.3)
  - FirebaseInstanceID (2.0.5)
  - FirebaseMessaging (2.0.5):
    - FirebaseAnalytics (~> 4.0)
    - FirebaseCore (~> 4.0)
    - FirebaseInstanceID (~> 2.0)
    - GoogleToolboxForMac/Logger (~> 2.1)
    - Protobuf (~> 3.1)
  - FirebaseRemoteConfig (2.0.3):
    - FirebaseAnalytics (~> 4.0)
    - FirebaseInstanceID (~> 2.0)
    - GoogleToolboxForMac/NSData+zlib (~> 2.1)
    - Protobuf (~> 3.1)
  - GoogleToolboxForMac/Defines (2.1.3)
  - GoogleToolboxForMac/Logger (2.1.3):
    - GoogleToolboxForMac/Defines (= 2.1.3)
  - GoogleToolboxForMac/NSData+zlib (2.1.3):
    - GoogleToolboxForMac/Defines (= 2.1.3)
  - Kingfisher (4.2.0)
  - nanopb (0.3.8):
    - nanopb/decode (= 0.3.8)
    - nanopb/encode (= 0.3.8)
  - nanopb/decode (0.3.8)
  - nanopb/encode (0.3.8)
  - ObjectMapper (3.0.0)
  - PhoneNumberKit (2.0.0):
    - PhoneNumberKit/PhoneNumberKitCore (= 2.0.0)
    - PhoneNumberKit/UIKit (= 2.0.0)
  - PhoneNumberKit/PhoneNumberKitCore (2.0.0)
  - PhoneNumberKit/UIKit (2.0.0):
    - PhoneNumberKit/PhoneNumberKitCore
  - Protobuf (3.4.0)
  - Result (3.2.4)
  - SlideMenuControllerSwift (4.0.0)
  - SnapKit (4.0.0)
  - SwiftEventBus (2.1.2)
  - SwiftyJSON (4.0.0-alpha.1)
  - UIColor_Hex_Swift (3.0.2)

DEPENDENCIES:
  - Alamofire (~> 4.5.1)
  - AlamofireObjectMapper (~> 5.0.0)
  - BrightFutures (~> 6.0.0)
  - CocoaLumberjack/Swift (~> 3.3.0)
  - DateToolsSwift (~> 2.0.3)
  - Firebase/Core (~> 4.4.0)
  - Firebase/Messaging (~> 4.4.0)
  - Firebase/RemoteConfig (~> 4.4.0)
  - Kingfisher (~> 4.2.0)
  - PhoneNumberKit (~> 2.0)
  - SlideMenuControllerSwift (~> 4.0.0)
  - SnapKit (~> 4.0.0)
  - SwiftEventBus (~> 2.1.2)
  - SwiftyJSON (~> 4.0.0-alpha.1)
  - UIColor_Hex_Swift (~> 3.0.2)

SPEC CHECKSUMS:
  Alamofire: 2d95912bf4c34f164fdfc335872e8c312acaea4a
  AlamofireObjectMapper: 5fafc816351cbbc0d486611aaeba7461c0cbad49
  BrightFutures: 9e7604f511aed9f0d6a49b04ac9b3fca6b117758
  CocoaLumberjack: 3c8c74683302f9012bb168e1c4b7ae3c0b558431
  DateToolsSwift: bf69bf9056d9e53c5c03f06e51f219b9b8b02f9e
  Firebase: 3e92884a63e8f76d107c43a67d2ab9071e1eda10
  FirebaseAnalytics: 722b53c7b32bfc7806b06e0093a2f5180d4f2c5a
  FirebaseCore: ebe73f64302705e693b1de9919a76edbdd17a19d
  FirebaseInstanceID: f2b688c66b972f30d7fa9f5f9f91455454a03b47
  FirebaseMessaging: e25dc87045e76dfe9e920a5741dc3fe7e3ef2268
  FirebaseRemoteConfig: 1c982f73af48ec048c8fa8621d5178cfdffac9aa
  GoogleToolboxForMac: 2501e2ad72a52eb3dfe7bd9aee7dad11b858bd20
  Kingfisher: 9ee7e788d8ba07c3f21ce0d43f33cec310a4f781
  nanopb: 5601e6bca2dbf1ed831b519092ec110f66982ca3
  ObjectMapper: 92230db59bf8f341a5c3a3cf0b9fbdde3cf0d87f
  PhoneNumberKit: 073b3cef30c2a64ddcd623ea5953bc84bb5b3fc4
  Protobuf: 03eef2ee0b674770735cf79d9c4d3659cf6908e8
  Result: d2d07204ce72856f1fd9130bbe42c35a7b0fea10
  SlideMenuControllerSwift: 021d6318201c53d4d4d3710517d43d6c556c7dd0
  SnapKit: a42d492c16e80209130a3379f73596c3454b7694
  SwiftEventBus: 9e8f6d8cff2826d66536ec367d17a47299478aa0
  SwiftyJSON: dc88934f85fb50b263b1632b9cbad3402505783e
  UIColor_Hex_Swift: 95f718452092a3efc8a827dffd2c04d3237be02d

PODFILE CHECKSUM: a0f28662863df991f36299792d1c7112cadc9754

COCOAPODS: 1.3.1
